// !$*UTF8*$!
{
	archiveVersion = 1;
	classes = {
	};
	objectVersion = 46;
	objects = {

/* Begin PBXBuildFile section */
		D34467E61EDEC79D0005A11A /* AppDelegate.swift in Sources */ = {isa = PBXBuildFile; fileRef = D34467E51EDEC79D0005A11A /* AppDelegate.swift */; };
		D34467E81EDEC79D0005A11A /* ViewController.swift in Sources */ = {isa = PBXBuildFile; fileRef = D34467E71EDEC79D0005A11A /* ViewController.swift */; };
		D34467EB1EDEC79D0005A11A /* Main.storyboard in Resources */ = {isa = PBXBuildFile; fileRef = D34467E91EDEC79D0005A11A /* Main.storyboard */; };
		D34467ED1EDEC79D0005A11A /* Assets.xcassets in Resources */ = {isa = PBXBuildFile; fileRef = D34467EC1EDEC79D0005A11A /* Assets.xcassets */; };
		D34467F01EDEC79D0005A11A /* LaunchScreen.storyboard in Resources */ = {isa = PBXBuildFile; fileRef = D34467EE1EDEC79D0005A11A /* LaunchScreen.storyboard */; };
		D34468041EDEC8400005A11A /* angry.png in Resources */ = {isa = PBXBuildFile; fileRef = D34467F81EDEC8400005A11A /* angry.png */; };
		D34468051EDEC8400005A11A /* avatar1.png in Resources */ = {isa = PBXBuildFile; fileRef = D34467F91EDEC8400005A11A /* avatar1.png */; };
		D34468061EDEC8400005A11A /* avatar2.png in Resources */ = {isa = PBXBuildFile; fileRef = D34467FA1EDEC8400005A11A /* avatar2.png */; };
		D34468071EDEC8400005A11A /* comment.png in Resources */ = {isa = PBXBuildFile; fileRef = D34467FB1EDEC8400005A11A /* comment.png */; };
		D34468081EDEC8400005A11A /* greyLike.png in Resources */ = {isa = PBXBuildFile; fileRef = D34467FC1EDEC8400005A11A /* greyLike.png */; };
		D34468091EDEC8400005A11A /* haha.png in Resources */ = {isa = PBXBuildFile; fileRef = D34467FD1EDEC8400005A11A /* haha.png */; };
		D344680A1EDEC8400005A11A /* img.png in Resources */ = {isa = PBXBuildFile; fileRef = D34467FE1EDEC8400005A11A /* img.png */; };
		D344680B1EDEC8400005A11A /* like.png in Resources */ = {isa = PBXBuildFile; fileRef = D34467FF1EDEC8400005A11A /* like.png */; };
		D344680C1EDEC8400005A11A /* love.png in Resources */ = {isa = PBXBuildFile; fileRef = D34468001EDEC8400005A11A /* love.png */; };
		D344680D1EDEC8400005A11A /* sad.png in Resources */ = {isa = PBXBuildFile; fileRef = D34468011EDEC8400005A11A /* sad.png */; };
		D344680E1EDEC8400005A11A /* share.png in Resources */ = {isa = PBXBuildFile; fileRef = D34468021EDEC8400005A11A /* share.png */; };
		D344680F1EDEC8400005A11A /* wow.png in Resources */ = {isa = PBXBuildFile; fileRef = D34468031EDEC8400005A11A /* wow.png */; };
		D3E8B0BF1EEF925B00116AF0 /* PopViewController.swift in Sources */ = {isa = PBXBuildFile; fileRef = D3E8B0BE1EEF925B00116AF0 /* PopViewController.swift */; };
/* End PBXBuildFile section */

/* Begin PBXFileReference section */
		D34467E21EDEC79D0005A11A /* PopOver.app */ = {isa = PBXFileReference; explicitFileType = wrapper.application; includeInIndex = 0; path = PopOver.app; sourceTree = BUILT_PRODUCTS_DIR; };
		D34467E51EDEC79D0005A11A /* AppDelegate.swift */ = {isa = PBXFileReference; lastKnownFileType = sourcecode.swift; path = AppDelegate.swift; sourceTree = "<group>"; };
		D34467E71EDEC79D0005A11A /* ViewController.swift */ = {isa = PBXFileReference; lastKnownFileType = sourcecode.swift; path = ViewController.swift; sourceTree = "<group>"; };
		D34467EA1EDEC79D0005A11A /* Base */ = {isa = PBXFileReference; lastKnownFileType = file.storyboard; name = Base; path = Base.lproj/Main.storyboard; sourceTree = "<group>"; };
		D34467EC1EDEC79D0005A11A /* Assets.xcassets */ = {isa = PBXFileReference; lastKnownFileType = folder.assetcatalog; path = Assets.xcassets; sourceTree = "<group>"; };
		D34467EF1EDEC79D0005A11A /* Base */ = {isa = PBXFileReference; lastKnownFileType = file.storyboard; name = Base; path = Base.lproj/LaunchScreen.storyboard; sourceTree = "<group>"; };
		D34467F11EDEC79D0005A11A /* Info.plist */ = {isa = PBXFileReference; lastKnownFileType = text.plist.xml; path = Info.plist; sourceTree = "<group>"; };
		D34467F81EDEC8400005A11A /* angry.png */ = {isa = PBXFileReference; lastKnownFileType = image.png; path = angry.png; sourceTree = "<group>"; };
		D34467F91EDEC8400005A11A /* avatar1.png */ = {isa = PBXFileReference; lastKnownFileType = image.png; path = avatar1.png; sourceTree = "<group>"; };
		D34467FA1EDEC8400005A11A /* avatar2.png */ = {isa = PBXFileReference; lastKnownFileType = image.png; path = avatar2.png; sourceTree = "<group>"; };
		D34467FB1EDEC8400005A11A /* comment.png */ = {isa = PBXFileReference; lastKnownFileType = image.png; path = comment.png; sourceTree = "<group>"; };
		D34467FC1EDEC8400005A11A /* greyLike.png */ = {isa = PBXFileReference; lastKnownFileType = image.png; path = greyLike.png; sourceTree = "<group>"; };
		D34467FD1EDEC8400005A11A /* haha.png */ = {isa = PBXFileReference; lastKnownFileType = image.png; path = haha.png; sourceTree = "<group>"; };
		D34467FE1EDEC8400005A11A /* img.png */ = {isa = PBXFileReference; lastKnownFileType = image.png; path = img.png; sourceTree = "<group>"; };
		D34467FF1EDEC8400005A11A /* like.png */ = {isa = PBXFileReference; lastKnownFileType = image.png; path = like.png; sourceTree = "<group>"; };
		D34468001EDEC8400005A11A /* love.png */ = {isa = PBXFileReference; lastKnownFileType = image.png; path = love.png; sourceTree = "<group>"; };
		D34468011EDEC8400005A11A /* sad.png */ = {isa = PBXFileReference; lastKnownFileType = image.png; path = sad.png; sourceTree = "<group>"; };
		D34468021EDEC8400005A11A /* share.png */ = {isa = PBXFileReference; lastKnownFileType = image.png; path = share.png; sourceTree = "<group>"; };
		D34468031EDEC8400005A11A /* wow.png */ = {isa = PBXFileReference; lastKnownFileType = image.png; path = wow.png; sourceTree = "<group>"; };
		D3E8B0BE1EEF925B00116AF0 /* PopViewController.swift */ = {isa = PBXFileReference; fileEncoding = 4; lastKnownFileType = sourcecode.swift; path = PopViewController.swift; sourceTree = "<group>"; };
/* End PBXFileReference section */

/* Begin PBXFrameworksBuildPhase section */
		D34467DF1EDEC79D0005A11A /* Frameworks */ = {
			isa = PBXFrameworksBuildPhase;
			buildActionMask = 2147483647;
			files = (
			);
			runOnlyForDeploymentPostprocessing = 0;
		};
/* End PBXFrameworksBuildPhase section */

/* Begin PBXGroup section */
		D34467D91EDEC79D0005A11A = {
			isa = PBXGroup;
			children = (
				D34467E41EDEC79D0005A11A /* PopOver */,
				D34467E31EDEC79D0005A11A /* Products */,
			);
			sourceTree = "<group>";
		};
		D34467E31EDEC79D0005A11A /* Products */ = {
			isa = PBXGroup;
			children = (
				D34467E21EDEC79D0005A11A /* PopOver.app */,
			);
			name = Products;
			sourceTree = "<group>";
		};
		D34467E41EDEC79D0005A11A /* PopOver */ = {
			isa = PBXGroup;
			children = (
				D34467F71EDEC8400005A11A /* popover */,
				D34467E51EDEC79D0005A11A /* AppDelegate.swift */,
				D34467E71EDEC79D0005A11A /* ViewController.swift */,
				D34467E91EDEC79D0005A11A /* Main.storyboard */,
				D3E8B0BE1EEF925B00116AF0 /* PopViewController.swift */,
				D34467EC1EDEC79D0005A11A /* Assets.xcassets */,
				D34467EE1EDEC79D0005A11A /* LaunchScreen.storyboard */,
				D34467F11EDEC79D0005A11A /* Info.plist */,
			);
			path = PopOver;
			sourceTree = "<group>";
		};
		D34467F71EDEC8400005A11A /* popover */ = {
			isa = PBXGroup;
			children = (
				D34467F81EDEC8400005A11A /* angry.png */,
				D34467F91EDEC8400005A11A /* avatar1.png */,
				D34467FA1EDEC8400005A11A /* avatar2.png */,
				D34467FB1EDEC8400005A11A /* comment.png */,
				D34467FC1EDEC8400005A11A /* greyLike.png */,
				D34467FD1EDEC8400005A11A /* haha.png */,
				D34467FE1EDEC8400005A11A /* img.png */,
				D34467FF1EDEC8400005A11A /* like.png */,
				D34468001EDEC8400005A11A /* love.png */,
				D34468011EDEC8400005A11A /* sad.png */,
				D34468021EDEC8400005A11A /* share.png */,
				D34468031EDEC8400005A11A /* wow.png */,
			);
			path = popover;
			sourceTree = "<group>";
		};
/* End PBXGroup section */

/* Begin PBXNativeTarget section */
		D34467E11EDEC79D0005A11A /* PopOver */ = {
			isa = PBXNativeTarget;
			buildConfigurationList = D34467F41EDEC79D0005A11A /* Build configuration list for PBXNativeTarget "PopOver" */;
			buildPhases = (
				D34467DE1EDEC79D0005A11A /* Sources */,
				D34467DF1EDEC79D0005A11A /* Frameworks */,
				D34467E01EDEC79D0005A11A /* Resources */,
			);
			buildRules = (
			);
			dependencies = (
			);
			name = PopOver;
			productName = PopOver;
			productReference = D34467E21EDEC79D0005A11A /* PopOver.app */;
			productType = "com.apple.product-type.application";
		};
/* End PBXNativeTarget section */

/* Begin PBXProject section */
		D34467DA1EDEC79D0005A11A /* Project object */ = {
			isa = PBXProject;
			attributes = {
				LastSwiftUpdateCheck = 0830;
				LastUpgradeCheck = 0830;
				ORGANIZATIONNAME = "Duy Phuong";
				TargetAttributes = {
					D34467E11EDEC79D0005A11A = {
						CreatedOnToolsVersion = 8.3;
						ProvisioningStyle = Automatic;
					};
				};
			};
			buildConfigurationList = D34467DD1EDEC79D0005A11A /* Build configuration list for PBXProject "PopOver" */;
			compatibilityVersion = "Xcode 3.2";
			developmentRegion = English;
			hasScannedForEncodings = 0;
			knownRegions = (
				en,
				Base,
			);
			mainGroup = D34467D91EDEC79D0005A11A;
			productRefGroup = D34467E31EDEC79D0005A11A /* Products */;
			projectDirPath = "";
			projectRoot = "";
			targets = (
				D34467E11EDEC79D0005A11A /* PopOver */,
			);
		};
/* End PBXProject section */

/* Begin PBXResourcesBuildPhase section */
		D34467E01EDEC79D0005A11A /* Resources */ = {
			isa = PBXResourcesBuildPhase;
			buildActionMask = 2147483647;
			files = (
				D34467F01EDEC79D0005A11A /* LaunchScreen.storyboard in Resources */,
				D34468041EDEC8400005A11A /* angry.png in Resources */,
				D34468091EDEC8400005A11A /* haha.png in Resources */,
				D344680E1EDEC8400005A11A /* share.png in Resources */,
				D34467ED1EDEC79D0005A11A /* Assets.xcassets in Resources */,
				D34468081EDEC8400005A11A /* greyLike.png in Resources */,
				D344680C1EDEC8400005A11A /* love.png in Resources */,
				D344680D1EDEC8400005A11A /* sad.png in Resources */,
				D344680A1EDEC8400005A11A /* img.png in Resources */,
				D344680F1EDEC8400005A11A /* wow.png in Resources */,
				D34467EB1EDEC79D0005A11A /* Main.storyboard in Resources */,
				D34468051EDEC8400005A11A /* avatar1.png in Resources */,
				D34468061EDEC8400005A11A /* avatar2.png in Resources */,
				D34468071EDEC8400005A11A /* comment.png in Resources */,
				D344680B1EDEC8400005A11A /* like.png in Resources */,
			);
			runOnlyForDeploymentPostprocessing = 0;
		};
/* End PBXResourcesBuildPhase section */

/* Begin PBXSourcesBuildPhase section */
		D34467DE1EDEC79D0005A11A /* Sources */ = {
			isa = PBXSourcesBuildPhase;
			buildActionMask = 2147483647;
			files = (
				D34467E81EDEC79D0005A11A /* ViewController.swift in Sources */,
				D34467E61EDEC79D0005A11A /* AppDelegate.swift in Sources */,
				D3E8B0BF1EEF925B00116AF0 /* PopViewController.swift in Sources */,
			);
			runOnlyForDeploymentPostprocessing = 0;
		};
/* End PBXSourcesBuildPhase section */

/* Begin PBXVariantGroup section */
		D34467E91EDEC79D0005A11A /* Main.storyboard */ = {
			isa = PBXVariantGroup;
			children = (
				D34467EA1EDEC79D0005A11A /* Base */,
			);
			name = Main.storyboard;
			sourceTree = "<group>";
		};
		D34467EE1EDEC79D0005A11A /* LaunchScreen.storyboard */ = {
			isa = PBXVariantGroup;
			children = (
				D34467EF1EDEC79D0005A11A /* Base */,
			);
			name = LaunchScreen.storyboard;
			sourceTree = "<group>";
		};
/* End PBXVariantGroup section */

/* Begin XCBuildConfiguration section */
		D34467F21EDEC79D0005A11A /* Debug */ = {
			isa = XCBuildConfiguration;
			buildSettings = {
				ALWAYS_SEARCH_USER_PATHS = NO;
				CLANG_ANALYZER_NONNULL = YES;
				CLANG_ANALYZER_NUMBER_OBJECT_CONVERSION = YES_AGGRESSIVE;
				CLANG_CXX_LANGUAGE_STANDARD = "gnu++0x";
				CLANG_CXX_LIBRARY = "libc++";
				CLANG_ENABLE_MODULES = YES;
				CLANG_ENABLE_OBJC_ARC = YES;
				CLANG_WARN_BOOL_CONVERSION = YES;
				CLANG_WARN_CONSTANT_CONVERSION = YES;
				CLANG_WARN_DIRECT_OBJC_ISA_USAGE = YES_ERROR;
				CLANG_WARN_DOCUMENTATION_COMMENTS = YES;
				CLANG_WARN_EMPTY_BODY = YES;
				CLANG_WARN_ENUM_CONVERSION = YES;
				CLANG_WARN_INFINITE_RECURSION = YES;
				CLANG_WARN_INT_CONVERSION = YES;
				CLANG_WARN_OBJC_ROOT_CLASS = YES_ERROR;
				CLANG_WARN_SUSPICIOUS_MOVE = YES;
				CLANG_WARN_UNREACHABLE_CODE = YES;
				CLANG_WARN__DUPLICATE_METHOD_MATCH = YES;
				"CODE_SIGN_IDENTITY[sdk=iphoneos*]" = "iPhone Developer";
				COPY_PHASE_STRIP = NO;
				DEBUG_INFORMATION_FORMAT = dwarf;
				ENABLE_STRICT_OBJC_MSGSEND = YES;
				ENABLE_TESTABILITY = YES;
				GCC_C_LANGUAGE_STANDARD = gnu99;
				GCC_DYNAMIC_NO_PIC = NO;
				GCC_NO_COMMON_BLOCKS = YES;
				GCC_OPTIMIZATION_LEVEL = 0;
				GCC_PREPROCESSOR_DEFINITIONS = (
					"DEBUG=1",
					"$(inherited)",
				);
				GCC_WARN_64_TO_32_BIT_CONVERSION = YES;
				GCC_WARN_ABOUT_RETURN_TYPE = YES_ERROR;
				GCC_WARN_UNDECLARED_SELECTOR = YES;
				GCC_WARN_UNINITIALIZED_AUTOS = YES_AGGRESSIVE;
				GCC_WARN_UNUSED_FUNCTION = YES;
				GCC_WARN_UNUSED_VARIABLE = YES;
				IPHONEOS_DEPLOYMENT_TARGET = 10.3;
				MTL_ENABLE_DEBUG_INFO = YES;
				ONLY_ACTIVE_ARCH = YES;
				SDKROOT = iphoneos;
				SWIFT_ACTIVE_COMPILATION_CONDITIONS = DEBUG;
				SWIFT_OPTIMIZATION_LEVEL = "-Onone";
			};
			name = Debug;
		};
		D34467F31EDEC79D0005A11A /* Release */ = {
			isa = XCBuildConfiguration;
			buildSettings = {
				ALWAYS_SEARCH_USER_PATHS = NO;
				CLANG_ANALYZER_NONNULL = YES;
				CLANG_ANALYZER_NUMBER_OBJECT_CONVERSION = YES_AGGRESSIVE;
				CLANG_CXX_LANGUAGE_STANDARD = "gnu++0x";
				CLANG_CXX_LIBRARY = "libc++";
				CLANG_ENABLE_MODULES = YES;
				CLANG_ENABLE_OBJC_ARC = YES;
				CLANG_WARN_BOOL_CONVERSION = YES;
				CLANG_WARN_CONSTANT_CONVERSION = YES;
				CLANG_WARN_DIRECT_OBJC_ISA_USAGE = YES_ERROR;
				CLANG_WARN_DOCUMENTATION_COMMENTS = YES;
				CLANG_WARN_EMPTY_BODY = YES;
				CLANG_WARN_ENUM_CONVERSION = YES;
				CLANG_WARN_INFINITE_RECURSION = YES;
				CLANG_WARN_INT_CONVERSION = YES;
				CLANG_WARN_OBJC_ROOT_CLASS = YES_ERROR;
				CLANG_WARN_SUSPICIOUS_MOVE = YES;
				CLANG_WARN_UNREACHABLE_CODE = YES;
				CLANG_WARN__DUPLICATE_METHOD_MATCH = YES;
				"CODE_SIGN_IDENTITY[sdk=iphoneos*]" = "iPhone Developer";
				COPY_PHASE_STRIP = NO;
				DEBUG_INFORMATION_FORMAT = "dwarf-with-dsym";
				ENABLE_NS_ASSERTIONS = NO;
				ENABLE_STRICT_OBJC_MSGSEND = YES;
				GCC_C_LANGUAGE_STANDARD = gnu99;
				GCC_NO_COMMON_BLOCKS = YES;
				GCC_WARN_64_TO_32_BIT_CONVERSION = YES;
				GCC_WARN_ABOUT_RETURN_TYPE = YES_ERROR;
				GCC_WARN_UNDECLARED_SELECTOR = YES;
				GCC_WARN_UNINITIALIZED_AUTOS = YES_AGGRESSIVE;
				GCC_WARN_UNUSED_FUNCTION = YES;
				GCC_WARN_UNUSED_VARIABLE = YES;
				IPHONEOS_DEPLOYMENT_TARGET = 10.3;
				MTL_ENABLE_DEBUG_INFO = NO;
				SDKROOT = iphoneos;
				SWIFT_OPTIMIZATION_LEVEL = "-Owholemodule";
				VALIDATE_PRODUCT = YES;
			};
			name = Release;
		};
		D34467F51EDEC79D0005A11A /* Debug */ = {
			isa = XCBuildConfiguration;
			buildSettings = {
				ASSETCATALOG_COMPILER_APPICON_NAME = AppIcon;
				INFOPLIST_FILE = PopOver/Info.plist;
				LD_RUNPATH_SEARCH_PATHS = "$(inherited) @executable_path/Frameworks";
				PRODUCT_BUNDLE_IDENTIFIER = vn.techmaster.PopOver;
				PRODUCT_NAME = "$(TARGET_NAME)";
				SWIFT_VERSION = 3.0;
			};
			name = Debug;
		};
		D34467F61EDEC79D0005A11A /* Release */ = {
			isa = XCBuildConfiguration;
			buildSettings = {
				ASSETCATALOG_COMPILER_APPICON_NAME = AppIcon;
				INFOPLIST_FILE = PopOver/Info.plist;
				LD_RUNPATH_SEARCH_PATHS = "$(inherited) @executable_path/Frameworks";
				PRODUCT_BUNDLE_IDENTIFIER = vn.techmaster.PopOver;
				PRODUCT_NAME = "$(TARGET_NAME)";
				SWIFT_VERSION = 3.0;
			};
			name = Release;
		};
/* End XCBuildConfiguration section */

/* Begin XCConfigurationList section */
		D34467DD1EDEC79D0005A11A /* Build configuration list for PBXProject "PopOver" */ = {
			isa = XCConfigurationList;
			buildConfigurations = (
				D34467F21EDEC79D0005A11A /* Debug */,
				D34467F31EDEC79D0005A11A /* Release */,
			);
			defaultConfigurationIsVisible = 0;
			defaultConfigurationName = Release;
		};
		D34467F41EDEC79D0005A11A /* Build configuration list for PBXNativeTarget "PopOver" */ = {
			isa = XCConfigurationList;
			buildConfigurations = (
				D34467F51EDEC79D0005A11A /* Debug */,
				D34467F61EDEC79D0005A11A /* Release */,
			);
			defaultConfigurationIsVisible = 0;
			defaultConfigurationName = Release;
		};
/* End XCConfigurationList section */
	};
	rootObject = D34467DA1EDEC79D0005A11A /* Project object */;
}
